// !$*UTF8*$!
{
	archiveVersion = 1;
	classes = {
	};
	objectVersion = 50;
	objects = {

/* Begin PBXBuildFile section */
		6BEAC13D228A7FBA00E96524 /* AppDelegate.m in Sources */ = {isa = PBXBuildFile; fileRef = 6BEAC13C228A7FBA00E96524 /* AppDelegate.m */; };
		6BEAC140228A7FBA00E96524 /* MainVC.m in Sources */ = {isa = PBXBuildFile; fileRef = 6BEAC13F228A7FBA00E96524 /* MainVC.m */; };
		6BEAC145228A7FBD00E96524 /* Assets.xcassets in Resources */ = {isa = PBXBuildFile; fileRef = 6BEAC144228A7FBD00E96524 /* Assets.xcassets */; };
		6BEAC148228A7FBD00E96524 /* LaunchScreen.storyboard in Resources */ = {isa = PBXBuildFile; fileRef = 6BEAC146228A7FBD00E96524 /* LaunchScreen.storyboard */; };
		6BEAC14B228A7FBD00E96524 /* main.m in Sources */ = {isa = PBXBuildFile; fileRef = 6BEAC14A228A7FBD00E96524 /* main.m */; };
		6BEAC153228A831000E96524 /* MainTabBarVC.m in Sources */ = {isa = PBXBuildFile; fileRef = 6BEAC152228A831000E96524 /* MainTabBarVC.m */; };
		6BEAC15A228A906100E96524 /* UIView+Anchors.m in Sources */ = {isa = PBXBuildFile; fileRef = 6BEAC159228A906100E96524 /* UIView+Anchors.m */; };
		6BEAC15D228AA46D00E96524 /* SecondVC.m in Sources */ = {isa = PBXBuildFile; fileRef = 6BEAC15C228AA46D00E96524 /* SecondVC.m */; };
		6BEAC163228ABC2900E96524 /* ThirdVC.m in Sources */ = {isa = PBXBuildFile; fileRef = 6BEAC162228ABC2900E96524 /* ThirdVC.m */; };
/* End PBXBuildFile section */

/* Begin PBXFileReference section */
		6BEAC138228A7FBA00E96524 /* NavAndTab.app */ = {isa = PBXFileReference; explicitFileType = wrapper.application; includeInIndex = 0; path = NavAndTab.app; sourceTree = BUILT_PRODUCTS_DIR; };
		6BEAC13B228A7FBA00E96524 /* AppDelegate.h */ = {isa = PBXFileReference; lastKnownFileType = sourcecode.c.h; path = AppDelegate.h; sourceTree = "<group>"; };
		6BEAC13C228A7FBA00E96524 /* AppDelegate.m */ = {isa = PBXFileReference; lastKnownFileType = sourcecode.c.objc; path = AppDelegate.m; sourceTree = "<group>"; };
		6BEAC13E228A7FBA00E96524 /* MainVC.h */ = {isa = PBXFileReference; lastKnownFileType = sourcecode.c.h; path = MainVC.h; sourceTree = "<group>"; };
		6BEAC13F228A7FBA00E96524 /* MainVC.m */ = {isa = PBXFileReference; lastKnownFileType = sourcecode.c.objc; path = MainVC.m; sourceTree = "<group>"; };
		6BEAC144228A7FBD00E96524 /* Assets.xcassets */ = {isa = PBXFileReference; lastKnownFileType = folder.assetcatalog; path = Assets.xcassets; sourceTree = "<group>"; };
		6BEAC147228A7FBD00E96524 /* Base */ = {isa = PBXFileReference; lastKnownFileType = file.storyboard; name = Base; path = Base.lproj/LaunchScreen.storyboard; sourceTree = "<group>"; };
		6BEAC149228A7FBD00E96524 /* Info.plist */ = {isa = PBXFileReference; lastKnownFileType = text.plist.xml; path = Info.plist; sourceTree = "<group>"; };
		6BEAC14A228A7FBD00E96524 /* main.m */ = {isa = PBXFileReference; lastKnownFileType = sourcecode.c.objc; path = main.m; sourceTree = "<group>"; };
		6BEAC151228A831000E96524 /* MainTabBarVC.h */ = {isa = PBXFileReference; lastKnownFileType = sourcecode.c.h; path = MainTabBarVC.h; sourceTree = "<group>"; };
		6BEAC152228A831000E96524 /* MainTabBarVC.m */ = {isa = PBXFileReference; lastKnownFileType = sourcecode.c.objc; path = MainTabBarVC.m; sourceTree = "<group>"; };
		6BEAC158228A906100E96524 /* UIView+Anchors.h */ = {isa = PBXFileReference; lastKnownFileType = sourcecode.c.h; path = "UIView+Anchors.h"; sourceTree = "<group>"; };
		6BEAC159228A906100E96524 /* UIView+Anchors.m */ = {isa = PBXFileReference; lastKnownFileType = sourcecode.c.objc; path = "UIView+Anchors.m"; sourceTree = "<group>"; };
		6BEAC15B228AA46D00E96524 /* SecondVC.h */ = {isa = PBXFileReference; lastKnownFileType = sourcecode.c.h; path = SecondVC.h; sourceTree = "<group>"; };
		6BEAC15C228AA46D00E96524 /* SecondVC.m */ = {isa = PBXFileReference; lastKnownFileType = sourcecode.c.objc; path = SecondVC.m; sourceTree = "<group>"; };
		6BEAC161228ABC2900E96524 /* ThirdVC.h */ = {isa = PBXFileReference; lastKnownFileType = sourcecode.c.h; path = ThirdVC.h; sourceTree = "<group>"; };
		6BEAC162228ABC2900E96524 /* ThirdVC.m */ = {isa = PBXFileReference; lastKnownFileType = sourcecode.c.objc; path = ThirdVC.m; sourceTree = "<group>"; };
/* End PBXFileReference section */

/* Begin PBXFrameworksBuildPhase section */
		6BEAC135228A7FBA00E96524 /* Frameworks */ = {
			isa = PBXFrameworksBuildPhase;
			buildActionMask = 2147483647;
			files = (
			);
			runOnlyForDeploymentPostprocessing = 0;
		};
/* End PBXFrameworksBuildPhase section */

/* Begin PBXGroup section */
		6BEAC12F228A7FBA00E96524 = {
			isa = PBXGroup;
			children = (
				6BEAC13A228A7FBA00E96524 /* NavAndTab */,
				6BEAC139228A7FBA00E96524 /* Products */,
			);
			sourceTree = "<group>";
		};
		6BEAC139228A7FBA00E96524 /* Products */ = {
			isa = PBXGroup;
			children = (
				6BEAC138228A7FBA00E96524 /* NavAndTab.app */,
			);
			name = Products;
			sourceTree = "<group>";
		};
		6BEAC13A228A7FBA00E96524 /* NavAndTab */ = {
			isa = PBXGroup;
			children = (
				6BEAC15F228AA48400E96524 /* MainVC */,
				6BEAC15E228AA47500E96524 /* SecondVc */,
				6BEAC154228A8FF200E96524 /* Extensions */,
				6BEAC160228ABBF800E96524 /* ThirdVC */,
				6BEAC13B228A7FBA00E96524 /* AppDelegate.h */,
				6BEAC13C228A7FBA00E96524 /* AppDelegate.m */,
				6BEAC144228A7FBD00E96524 /* Assets.xcassets */,
				6BEAC146228A7FBD00E96524 /* LaunchScreen.storyboard */,
				6BEAC149228A7FBD00E96524 /* Info.plist */,
				6BEAC14A228A7FBD00E96524 /* main.m */,
				6BEAC151228A831000E96524 /* MainTabBarVC.h */,
				6BEAC152228A831000E96524 /* MainTabBarVC.m */,
			);
			path = NavAndTab;
			sourceTree = "<group>";
		};
		6BEAC154228A8FF200E96524 /* Extensions */ = {
			isa = PBXGroup;
			children = (
				6BEAC158228A906100E96524 /* UIView+Anchors.h */,
				6BEAC159228A906100E96524 /* UIView+Anchors.m */,
			);
			path = Extensions;
			sourceTree = "<group>";
		};
		6BEAC15E228AA47500E96524 /* SecondVc */ = {
			isa = PBXGroup;
			children = (
				6BEAC15B228AA46D00E96524 /* SecondVC.h */,
				6BEAC15C228AA46D00E96524 /* SecondVC.m */,
			);
			path = SecondVc;
			sourceTree = "<group>";
		};
		6BEAC15F228AA48400E96524 /* MainVC */ = {
			isa = PBXGroup;
			children = (
				6BEAC13E228A7FBA00E96524 /* MainVC.h */,
				6BEAC13F228A7FBA00E96524 /* MainVC.m */,
			);
			path = MainVC;
			sourceTree = "<group>";
		};
		6BEAC160228ABBF800E96524 /* ThirdVC */ = {
			isa = PBXGroup;
			children = (
				6BEAC161228ABC2900E96524 /* ThirdVC.h */,
				6BEAC162228ABC2900E96524 /* ThirdVC.m */,
			);
			path = ThirdVC;
			sourceTree = "<group>";
		};
/* End PBXGroup section */

/* Begin PBXNativeTarget section */
		6BEAC137228A7FBA00E96524 /* NavAndTab */ = {
			isa = PBXNativeTarget;
			buildConfigurationList = 6BEAC14E228A7FBD00E96524 /* Build configuration list for PBXNativeTarget "NavAndTab" */;
			buildPhases = (
				6BEAC134228A7FBA00E96524 /* Sources */,
				6BEAC135228A7FBA00E96524 /* Frameworks */,
				6BEAC136228A7FBA00E96524 /* Resources */,
			);
			buildRules = (
			);
			dependencies = (
			);
			name = NavAndTab;
			productName = NavAndTab;
			productReference = 6BEAC138228A7FBA00E96524 /* NavAndTab.app */;
			productType = "com.apple.product-type.application";
		};
/* End PBXNativeTarget section */

/* Begin PBXProject section */
		6BEAC130228A7FBA00E96524 /* Project object */ = {
			isa = PBXProject;
			attributes = {
				LastUpgradeCheck = 1010;
				ORGANIZATIONNAME = "3 Embed";
				TargetAttributes = {
					6BEAC137228A7FBA00E96524 = {
						CreatedOnToolsVersion = 10.1;
					};
				};
			};
			buildConfigurationList = 6BEAC133228A7FBA00E96524 /* Build configuration list for PBXProject "NavAndTab" */;
			compatibilityVersion = "Xcode 9.3";
			developmentRegion = en;
			hasScannedForEncodings = 0;
			knownRegions = (
				en,
				Base,
			);
			mainGroup = 6BEAC12F228A7FBA00E96524;
			productRefGroup = 6BEAC139228A7FBA00E96524 /* Products */;
			projectDirPath = "";
			projectRoot = "";
			targets = (
				6BEAC137228A7FBA00E96524 /* NavAndTab */,
			);
		};
/* End PBXProject section */

/* Begin PBXResourcesBuildPhase section */
		6BEAC136228A7FBA00E96524 /* Resources */ = {
			isa = PBXResourcesBuildPhase;
			buildActionMask = 2147483647;
			files = (
				6BEAC148228A7FBD00E96524 /* LaunchScreen.storyboard in Resources */,
				6BEAC145228A7FBD00E96524 /* Assets.xcassets in Resources */,
			);
			runOnlyForDeploymentPostprocessing = 0;
		};
/* End PBXResourcesBuildPhase section */

/* Begin PBXSourcesBuildPhase section */
		6BEAC134228A7FBA00E96524 /* Sources */ = {
			isa = PBXSourcesBuildPhase;
			buildActionMask = 2147483647;
			files = (
				6BEAC163228ABC2900E96524 /* ThirdVC.m in Sources */,
				6BEAC15A228A906100E96524 /* UIView+Anchors.m in Sources */,
				6BEAC140228A7FBA00E96524 /* MainVC.m in Sources */,
				6BEAC14B228A7FBD00E96524 /* main.m in Sources */,
				6BEAC13D228A7FBA00E96524 /* AppDelegate.m in Sources */,
				6BEAC15D228AA46D00E96524 /* SecondVC.m in Sources */,
				6BEAC153228A831000E96524 /* MainTabBarVC.m in Sources */,
			);
			runOnlyForDeploymentPostprocessing = 0;
		};
/* End PBXSourcesBuildPhase section */

/* Begin PBXVariantGroup section */
		6BEAC146228A7FBD00E96524 /* LaunchScreen.storyboard */ = {
			isa = PBXVariantGroup;
			children = (
				6BEAC147228A7FBD00E96524 /* Base */,
			);
			name = LaunchScreen.storyboard;
			sourceTree = "<group>";
		};
/* End PBXVariantGroup section */

/* Begin XCBuildConfiguration section */
		6BEAC14C228A7FBD00E96524 /* Debug */ = {
			isa = XCBuildConfiguration;
			buildSettings = {
				ALWAYS_SEARCH_USER_PATHS = NO;
				CLANG_ANALYZER_NONNULL = YES;
				CLANG_ANALYZER_NUMBER_OBJECT_CONVERSION = YES_AGGRESSIVE;
				CLANG_CXX_LANGUAGE_STANDARD = "gnu++14";
				CLANG_CXX_LIBRARY = "libc++";
				CLANG_ENABLE_MODULES = YES;
				CLANG_ENABLE_OBJC_ARC = YES;
				CLANG_ENABLE_OBJC_WEAK = YES;
				CLANG_WARN_BLOCK_CAPTURE_AUTORELEASING = YES;
				CLANG_WARN_BOOL_CONVERSION = YES;
				CLANG_WARN_COMMA = YES;
				CLANG_WARN_CONSTANT_CONVERSION = YES;
				CLANG_WARN_DEPRECATED_OBJC_IMPLEMENTATIONS = YES;
				CLANG_WARN_DIRECT_OBJC_ISA_USAGE = YES_ERROR;
				CLANG_WARN_DOCUMENTATION_COMMENTS = YES;
				CLANG_WARN_EMPTY_BODY = YES;
				CLANG_WARN_ENUM_CONVERSION = YES;
				CLANG_WARN_INFINITE_RECURSION = YES;
				CLANG_WARN_INT_CONVERSION = YES;
				CLANG_WARN_NON_LITERAL_NULL_CONVERSION = YES;
				CLANG_WARN_OBJC_IMPLICIT_RETAIN_SELF = YES;
				CLANG_WARN_OBJC_LITERAL_CONVERSION = YES;
				CLANG_WARN_OBJC_ROOT_CLASS = YES_ERROR;
				CLANG_WARN_RANGE_LOOP_ANALYSIS = YES;
				CLANG_WARN_STRICT_PROTOTYPES = YES;
				CLANG_WARN_SUSPICIOUS_MOVE = YES;
				CLANG_WARN_UNGUARDED_AVAILABILITY = YES_AGGRESSIVE;
				CLANG_WARN_UNREACHABLE_CODE = YES;
				CLANG_WARN__DUPLICATE_METHOD_MATCH = YES;
				CODE_SIGN_IDENTITY = "iPhone Developer";
				COPY_PHASE_STRIP = NO;
				DEBUG_INFORMATION_FORMAT = dwarf;
				ENABLE_STRICT_OBJC_MSGSEND = YES;
				ENABLE_TESTABILITY = YES;
				GCC_C_LANGUAGE_STANDARD = gnu11;
				GCC_DYNAMIC_NO_PIC = NO;
				GCC_NO_COMMON_BLOCKS = YES;
				GCC_OPTIMIZATION_LEVEL = 0;
				GCC_PREPROCESSOR_DEFINITIONS = (
					"DEBUG=1",
					"$(inherited)",
				);
				GCC_WARN_64_TO_32_BIT_CONVERSION = YES;
				GCC_WARN_ABOUT_RETURN_TYPE = YES_ERROR;
				GCC_WARN_UNDECLARED_SELECTOR = YES;
				GCC_WARN_UNINITIALIZED_AUTOS = YES_AGGRESSIVE;
				GCC_WARN_UNUSED_FUNCTION = YES;
				GCC_WARN_UNUSED_VARIABLE = YES;
				IPHONEOS_DEPLOYMENT_TARGET = 12.1;
				MTL_ENABLE_DEBUG_INFO = INCLUDE_SOURCE;
				MTL_FAST_MATH = YES;
				ONLY_ACTIVE_ARCH = YES;
				SDKROOT = iphoneos;
			};
			name = Debug;
		};
		6BEAC14D228A7FBD00E96524 /* Release */ = {
			isa = XCBuildConfiguration;
			buildSettings = {
				ALWAYS_SEARCH_USER_PATHS = NO;
				CLANG_ANALYZER_NONNULL = YES;
				CLANG_ANALYZER_NUMBER_OBJECT_CONVERSION = YES_AGGRESSIVE;
				CLANG_CXX_LANGUAGE_STANDARD = "gnu++14";
				CLANG_CXX_LIBRARY = "libc++";
				CLANG_ENABLE_MODULES = YES;
				CLANG_ENABLE_OBJC_ARC = YES;
				CLANG_ENABLE_OBJC_WEAK = YES;
				CLANG_WARN_BLOCK_CAPTURE_AUTORELEASING = YES;
				CLANG_WARN_BOOL_CONVERSION = YES;
				CLANG_WARN_COMMA = YES;
				CLANG_WARN_CONSTANT_CONVERSION = YES;
				CLANG_WARN_DEPRECATED_OBJC_IMPLEMENTATIONS = YES;
				CLANG_WARN_DIRECT_OBJC_ISA_USAGE = YES_ERROR;
				CLANG_WARN_DOCUMENTATION_COMMENTS = YES;
				CLANG_WARN_EMPTY_BODY = YES;
				CLANG_WARN_ENUM_CONVERSION = YES;
				CLANG_WARN_INFINITE_RECURSION = YES;
				CLANG_WARN_INT_CONVERSION = YES;
				CLANG_WARN_NON_LITERAL_NULL_CONVERSION = YES;
				CLANG_WARN_OBJC_IMPLICIT_RETAIN_SELF = YES;
				CLANG_WARN_OBJC_LITERAL_CONVERSION = YES;
				CLANG_WARN_OBJC_ROOT_CLASS = YES_ERROR;
				CLANG_WARN_RANGE_LOOP_ANALYSIS = YES;
				CLANG_WARN_STRICT_PROTOTYPES = YES;
				CLANG_WARN_SUSPICIOUS_MOVE = YES;
				CLANG_WARN_UNGUARDED_AVAILABILITY = YES_AGGRESSIVE;
				CLANG_WARN_UNREACHABLE_CODE = YES;
				CLANG_WARN__DUPLICATE_METHOD_MATCH = YES;
				CODE_SIGN_IDENTITY = "iPhone Developer";
				COPY_PHASE_STRIP = NO;
				DEBUG_INFORMATION_FORMAT = "dwarf-with-dsym";
				ENABLE_NS_ASSERTIONS = NO;
				ENABLE_STRICT_OBJC_MSGSEND = YES;
				GCC_C_LANGUAGE_STANDARD = gnu11;
				GCC_NO_COMMON_BLOCKS = YES;
				GCC_WARN_64_TO_32_BIT_CONVERSION = YES;
				GCC_WARN_ABOUT_RETURN_TYPE = YES_ERROR;
				GCC_WARN_UNDECLARED_SELECTOR = YES;
				GCC_WARN_UNINITIALIZED_AUTOS = YES_AGGRESSIVE;
				GCC_WARN_UNUSED_FUNCTION = YES;
				GCC_WARN_UNUSED_VARIABLE = YES;
				IPHONEOS_DEPLOYMENT_TARGET = 12.1;
				MTL_ENABLE_DEBUG_INFO = NO;
				MTL_FAST_MATH = YES;
				SDKROOT = iphoneos;
				VALIDATE_PRODUCT = YES;
			};
			name = Release;
		};
		6BEAC14F228A7FBD00E96524 /* Debug */ = {
			isa = XCBuildConfiguration;
			buildSettings = {
				ASSETCATALOG_COMPILER_APPICON_NAME = AppIcon;
				CODE_SIGN_STYLE = Automatic;
				INFOPLIST_FILE = NavAndTab/Info.plist;
				LD_RUNPATH_SEARCH_PATHS = (
					"$(inherited)",
					"@executable_path/Frameworks",
				);
				PRODUCT_BUNDLE_IDENTIFIER = com.NavAndTab;
				PRODUCT_NAME = "$(TARGET_NAME)";
				TARGETED_DEVICE_FAMILY = "1,2";
			};
			name = Debug;
		};
		6BEAC150228A7FBD00E96524 /* Release */ = {
			isa = XCBuildConfiguration;
			buildSettings = {
				ASSETCATALOG_COMPILER_APPICON_NAME = AppIcon;
				CODE_SIGN_STYLE = Automatic;
				INFOPLIST_FILE = NavAndTab/Info.plist;
				LD_RUNPATH_SEARCH_PATHS = (
					"$(inherited)",
					"@executable_path/Frameworks",
				);
				PRODUCT_BUNDLE_IDENTIFIER = com.NavAndTab;
				PRODUCT_NAME = "$(TARGET_NAME)";
				TARGETED_DEVICE_FAMILY = "1,2";
			};
			name = Release;
		};
/* End XCBuildConfiguration section */

/* Begin XCConfigurationList section */
		6BEAC133228A7FBA00E96524 /* Build configuration list for PBXProject "NavAndTab" */ = {
			isa = XCConfigurationList;
			buildConfigurations = (
				6BEAC14C228A7FBD00E96524 /* Debug */,
				6BEAC14D228A7FBD00E96524 /* Release */,
			);
			defaultConfigurationIsVisible = 0;
			defaultConfigurationName = Release;
		};
		6BEAC14E228A7FBD00E96524 /* Build configuration list for PBXNativeTarget "NavAndTab" */ = {
			isa = XCConfigurationList;
			buildConfigurations = (
				6BEAC14F228A7FBD00E96524 /* Debug */,
				6BEAC150228A7FBD00E96524 /* Release */,
			);
			defaultConfigurationIsVisible = 0;
			defaultConfigurationName = Release;
		};
/* End XCConfigurationList section */
	};
	rootObject = 6BEAC130228A7FBA00E96524 /* Project object */;
}
